
Microsoft Visual Studio Solution File, Format Version 12.00
# Visual Studio Version 17
VisualStudioVersion = 17.3.32825.248
MinimumVisualStudioVersion = 10.0.40219.1
Project("{9A19103F-16F7-4668-BE54-9A1E7A4F7556}") = "np0203", "np0203.csproj", "{3E95E15A-4D74-4624-BD96-4D2D27AE339C}"
EndProject
Global
	GlobalSection(SolutionConfigurationPlatforms) = preSolution
		Debug|Any CPU = Debug|Any CPU
		Release|Any CPU = Release|Any CPU
	EndGlobalSection
	GlobalSection(ProjectConfigurationPlatforms) = postSolution
		{3E95E15A-4D74-4624-BD96-4D2D27AE339C}.Debug|Any CPU.ActiveCfg = Debug|Any CPU
		{3E95E15A-4D74-4624-BD96-4D2D27AE339C}.Debug|Any CPU.Build.0 = Debug|Any CPU
		{3E95E15A-4D74-4624-BD96-4D2D27AE339C}.Release|Any CPU.ActiveCfg = Release|Any CPU
		{3E95E15A-4D74-4624-BD96-4D2D27AE339C}.Release|Any CPU.Build.0 = Release|Any CPU
	EndGlobalSection
	GlobalSection(SolutionProperties) = preSolution
		HideSolutionNode = FALSE
	EndGlobalSection
	GlobalSection(ExtensibilityGlobals) = postSolution
		SolutionGuid = {FA8157C3-36F7-470B-A242-118746A2BF6B}
	EndGlobalSection
EndGlobal
